
Microsoft Visual Studio Solution File, Format Version 12.00
# Visual Studio Version 17
VisualStudioVersion = 17.6.33815.320
MinimumVisualStudioVersion = 10.0.40219.1
Project("{FAE04EC0-301F-11D3-BF4B-00C04F79EFBC}") = "Treblle.Net", "Treblle\Treblle.Net.csproj", "{CF0DFF22-0A8D-436E-9761-63704CF0B162}"
EndProject
Global
	GlobalSection(SolutionConfigurationPlatforms) = preSolution
		Debug|Any CPU = Debug|Any CPU
		Release|Any CPU = Release|Any CPU
	EndGlobalSection
	GlobalSection(ProjectConfigurationPlatforms) = postSolution
		{CF0DFF22-0A8D-436E-9761-63704CF0B162}.Debug|Any CPU.ActiveCfg = Debug|Any CPU
		{CF0DFF22-0A8D-436E-9761-63704CF0B162}.Debug|Any CPU.Build.0 = Debug|Any CPU
		{CF0DFF22-0A8D-436E-9761-63704CF0B162}.Release|Any CPU.ActiveCfg = Release|Any CPU
		{CF0DFF22-0A8D-436E-9761-63704CF0B162}.Release|Any CPU.Build.0 = Release|Any CPU
	EndGlobalSection
	GlobalSection(SolutionProperties) = preSolution
		HideSolutionNode = FALSE
	EndGlobalSection
	GlobalSection(ExtensibilityGlobals) = postSolution
		SolutionGuid = {55CA0741-6736-451E-9946-1808D2DDD5C0}
	EndGlobalSection
EndGlobal
